
Microsoft Visual Studio Solution File, Format Version 12.00
# Visual Studio Version 17
VisualStudioVersion = 17.9.34616.47
MinimumVisualStudioVersion = 10.0.40219.1
Project("{FAE04EC0-301F-11D3-BF4B-00C04F79EFBC}") = "guessing game", "guessing game\guessing game.csproj", "{DA1C4F96-C55A-4499-BE1E-CCB3D9CD1BBE}"
EndProject
Global
	GlobalSection(SolutionConfigurationPlatforms) = preSolution
		Debug|Any CPU = Debug|Any CPU
		Release|Any CPU = Release|Any CPU
	EndGlobalSection
	GlobalSection(ProjectConfigurationPlatforms) = postSolution
		{DA1C4F96-C55A-4499-BE1E-CCB3D9CD1BBE}.Debug|Any CPU.ActiveCfg = Debug|Any CPU
		{DA1C4F96-C55A-4499-BE1E-CCB3D9CD1BBE}.Debug|Any CPU.Build.0 = Debug|Any CPU
		{DA1C4F96-C55A-4499-BE1E-CCB3D9CD1BBE}.Release|Any CPU.ActiveCfg = Release|Any CPU
		{DA1C4F96-C55A-4499-BE1E-CCB3D9CD1BBE}.Release|Any CPU.Build.0 = Release|Any CPU
	EndGlobalSection
	GlobalSection(SolutionProperties) = preSolution
		HideSolutionNode = FALSE
	EndGlobalSection
	GlobalSection(ExtensibilityGlobals) = postSolution
		SolutionGuid = {CFAB414C-8C3E-4612-87EC-CE34ACB8EC3A}
	EndGlobalSection
EndGlobal
